
Microsoft Visual Studio Solution File, Format Version 12.00
Project("{FAE04EC0-301F-11D3-BF4B-00C04F79EFBC}") = "ECommerce.SharedLibrary", "ECommerce.SharedLibrary\ECommerce.SharedLibrary.csproj", "{4CEB0E0B-FD6C-407A-886D-9532217EA365}"
EndProject
Project("{2150E333-8FDC-42A3-9474-1A3956D46DE8}") = "ECommerceSharedLibrary", "ECommerceSharedLibrary", "{266328CC-2546-47C6-A82D-83F7CAE3C675}"
EndProject
Project("{2150E333-8FDC-42A3-9474-1A3956D46DE8}") = "ECommerce.ProductApi", "ECommerce.ProductApi", "{4EC19503-98C5-4D19-9614-EA6FC9BA4801}"
EndProject
Project("{FAE04EC0-301F-11D3-BF4B-00C04F79EFBC}") = "ProductApi.Application", "ProductApi.Application\ProductApi.Application.csproj", "{371C0D89-E58D-40BE-95F0-B58E716A44B9}"
EndProject
Project("{FAE04EC0-301F-11D3-BF4B-00C04F79EFBC}") = "ProductApi.Domain", "ProductApi.Domain\ProductApi.Domain.csproj", "{767B9E3A-3D06-4C2B-BC0F-2E1AD8F8ACC6}"
EndProject
Project("{2150E333-8FDC-42A3-9474-1A3956D46DE8}") = "Core", "Core", "{BAF0BBE0-5379-4CBF-9023-08D8F226E7EF}"
EndProject
Project("{2150E333-8FDC-42A3-9474-1A3956D46DE8}") = "Infrastructure", "Infrastructure", "{A61933B4-F2C6-449B-AEA1-DFBB13C4F9F1}"
EndProject
Project("{FAE04EC0-301F-11D3-BF4B-00C04F79EFBC}") = "ProductApi.DAL", "ProductApi.DAL\ProductApi.DAL.csproj", "{DB38A367-F438-4D05-88ED-1DDC53945A47}"
EndProject
Project("{2150E333-8FDC-42A3-9474-1A3956D46DE8}") = "Presentation", "Presentation", "{6597B042-BAAA-4214-A9B5-7FDFCDC81BAB}"
EndProject
Project("{FAE04EC0-301F-11D3-BF4B-00C04F79EFBC}") = "ProductApi.Api", "ProductApi.Api\ProductApi.Api.csproj", "{7B23286E-0CC9-44EE-901D-05891903D000}"
EndProject
Project("{2150E333-8FDC-42A3-9474-1A3956D46DE8}") = "ECommerce.OrderApi", "ECommerce.OrderApi", "{F605602F-9F4B-4AF5-BCD2-D78FD5655874}"
EndProject
Project("{2150E333-8FDC-42A3-9474-1A3956D46DE8}") = "Core", "Core", "{382B07B7-A2BB-40DB-A9EA-58F523871BF4}"
EndProject
Project("{2150E333-8FDC-42A3-9474-1A3956D46DE8}") = "Infrastructure", "Infrastructure", "{5253A1DA-73DE-4F6A-A87C-6090E33CE474}"
EndProject
Project("{2150E333-8FDC-42A3-9474-1A3956D46DE8}") = "Presentation", "Presentation", "{8FAA4A6B-F478-4F31-B74D-874CDBE4E3F0}"
EndProject
Project("{FAE04EC0-301F-11D3-BF4B-00C04F79EFBC}") = "OrderApi.Domain", "OrderApi.Domain\OrderApi.Domain.csproj", "{A6464BDB-1127-41DB-B8D8-D3D6AA4579AC}"
EndProject
Project("{FAE04EC0-301F-11D3-BF4B-00C04F79EFBC}") = "OrderApi.Application", "OrderApi.Application\OrderApi.Application.csproj", "{14382505-72A9-4535-99B8-D5AA70AA0B8E}"
EndProject
Project("{FAE04EC0-301F-11D3-BF4B-00C04F79EFBC}") = "OrderApi.DAL", "OrderApi.DAL\OrderApi.DAL.csproj", "{E4FAF3C1-05E5-452E-A506-D4812A807D2B}"
EndProject
Project("{FAE04EC0-301F-11D3-BF4B-00C04F79EFBC}") = "OrderApi.Api", "OrderApi.Api\OrderApi.Api.csproj", "{057709EA-DD36-49B6-943B-8C6A20EF9145}"
EndProject
Project("{2150E333-8FDC-42A3-9474-1A3956D46DE8}") = "ECommerce.AuthenticationApi", "ECommerce.AuthenticationApi", "{0FA32DDD-EE6E-47F1-8C91-52E6E6704726}"
EndProject
Project("{2150E333-8FDC-42A3-9474-1A3956D46DE8}") = "Core", "Core", "{CB3549CC-8B5F-494C-90A5-1E0A364709EA}"
EndProject
Project("{2150E333-8FDC-42A3-9474-1A3956D46DE8}") = "Infrastructure", "Infrastructure", "{3A4E18D8-1737-4B18-B2A9-FC20E71C23C0}"
EndProject
Project("{2150E333-8FDC-42A3-9474-1A3956D46DE8}") = "Presentation", "Presentation", "{DFCECBE7-9FEA-43E3-8E9C-50EF6D27F638}"
EndProject
Project("{FAE04EC0-301F-11D3-BF4B-00C04F79EFBC}") = "AuthenticationApi.Domain", "AuthenticationApi.Domain\AuthenticationApi.Domain.csproj", "{99BF46BA-D18C-43BB-9970-5428C5715A4F}"
EndProject
Project("{FAE04EC0-301F-11D3-BF4B-00C04F79EFBC}") = "AuthenticationApi.Application", "AuthenticationApi.Application\AuthenticationApi.Application.csproj", "{053D8C01-C944-4A71-B296-CAAB317291A3}"
EndProject
Project("{FAE04EC0-301F-11D3-BF4B-00C04F79EFBC}") = "AuthenticationApi.DAL", "AuthenticationApi.DAL\AuthenticationApi.DAL.csproj", "{6382F808-B7BC-4A30-8EA4-402E98B6FD26}"
EndProject
Project("{FAE04EC0-301F-11D3-BF4B-00C04F79EFBC}") = "AuthenticationApi.Api", "AuthenticationApi.Api\AuthenticationApi.Api.csproj", "{6D35F20E-40AC-426D-B0B7-08C5A528EB45}"
EndProject
Project("{2150E333-8FDC-42A3-9474-1A3956D46DE8}") = "ECommerce.Gateway", "ECommerce.Gateway", "{FC315CC1-71CA-45D8-91AF-30EAD2B47580}"
EndProject
Project("{2150E333-8FDC-42A3-9474-1A3956D46DE8}") = "Presentation", "Presentation", "{C424BA72-555E-404B-BF62-29691A0D66E1}"
EndProject
Project("{FAE04EC0-301F-11D3-BF4B-00C04F79EFBC}") = "Gateway.Api", "Gateway.Api\Gateway.Api.csproj", "{17D03CED-CCD9-4982-9189-479C5A00861E}"
EndProject
Global
	GlobalSection(SolutionConfigurationPlatforms) = preSolution
		Debug|Any CPU = Debug|Any CPU
		Release|Any CPU = Release|Any CPU
	EndGlobalSection
	GlobalSection(ProjectConfigurationPlatforms) = postSolution
		{4CEB0E0B-FD6C-407A-886D-9532217EA365}.Debug|Any CPU.ActiveCfg = Debug|Any CPU
		{4CEB0E0B-FD6C-407A-886D-9532217EA365}.Debug|Any CPU.Build.0 = Debug|Any CPU
		{4CEB0E0B-FD6C-407A-886D-9532217EA365}.Release|Any CPU.ActiveCfg = Release|Any CPU
		{4CEB0E0B-FD6C-407A-886D-9532217EA365}.Release|Any CPU.Build.0 = Release|Any CPU
		{371C0D89-E58D-40BE-95F0-B58E716A44B9}.Debug|Any CPU.ActiveCfg = Debug|Any CPU
		{371C0D89-E58D-40BE-95F0-B58E716A44B9}.Debug|Any CPU.Build.0 = Debug|Any CPU
		{371C0D89-E58D-40BE-95F0-B58E716A44B9}.Release|Any CPU.ActiveCfg = Release|Any CPU
		{371C0D89-E58D-40BE-95F0-B58E716A44B9}.Release|Any CPU.Build.0 = Release|Any CPU
		{767B9E3A-3D06-4C2B-BC0F-2E1AD8F8ACC6}.Debug|Any CPU.ActiveCfg = Debug|Any CPU
		{767B9E3A-3D06-4C2B-BC0F-2E1AD8F8ACC6}.Debug|Any CPU.Build.0 = Debug|Any CPU
		{767B9E3A-3D06-4C2B-BC0F-2E1AD8F8ACC6}.Release|Any CPU.ActiveCfg = Release|Any CPU
		{767B9E3A-3D06-4C2B-BC0F-2E1AD8F8ACC6}.Release|Any CPU.Build.0 = Release|Any CPU
		{DB38A367-F438-4D05-88ED-1DDC53945A47}.Debug|Any CPU.ActiveCfg = Debug|Any CPU
		{DB38A367-F438-4D05-88ED-1DDC53945A47}.Debug|Any CPU.Build.0 = Debug|Any CPU
		{DB38A367-F438-4D05-88ED-1DDC53945A47}.Release|Any CPU.ActiveCfg = Release|Any CPU
		{DB38A367-F438-4D05-88ED-1DDC53945A47}.Release|Any CPU.Build.0 = Release|Any CPU
		{7B23286E-0CC9-44EE-901D-05891903D000}.Debug|Any CPU.ActiveCfg = Debug|Any CPU
		{7B23286E-0CC9-44EE-901D-05891903D000}.Debug|Any CPU.Build.0 = Debug|Any CPU
		{7B23286E-0CC9-44EE-901D-05891903D000}.Release|Any CPU.ActiveCfg = Release|Any CPU
		{7B23286E-0CC9-44EE-901D-05891903D000}.Release|Any CPU.Build.0 = Release|Any CPU
		{A6464BDB-1127-41DB-B8D8-D3D6AA4579AC}.Debug|Any CPU.ActiveCfg = Debug|Any CPU
		{A6464BDB-1127-41DB-B8D8-D3D6AA4579AC}.Debug|Any CPU.Build.0 = Debug|Any CPU
		{A6464BDB-1127-41DB-B8D8-D3D6AA4579AC}.Release|Any CPU.ActiveCfg = Release|Any CPU
		{A6464BDB-1127-41DB-B8D8-D3D6AA4579AC}.Release|Any CPU.Build.0 = Release|Any CPU
		{14382505-72A9-4535-99B8-D5AA70AA0B8E}.Debug|Any CPU.ActiveCfg = Debug|Any CPU
		{14382505-72A9-4535-99B8-D5AA70AA0B8E}.Debug|Any CPU.Build.0 = Debug|Any CPU
		{14382505-72A9-4535-99B8-D5AA70AA0B8E}.Release|Any CPU.ActiveCfg = Release|Any CPU
		{14382505-72A9-4535-99B8-D5AA70AA0B8E}.Release|Any CPU.Build.0 = Release|Any CPU
		{E4FAF3C1-05E5-452E-A506-D4812A807D2B}.Debug|Any CPU.ActiveCfg = Debug|Any CPU
		{E4FAF3C1-05E5-452E-A506-D4812A807D2B}.Debug|Any CPU.Build.0 = Debug|Any CPU
		{E4FAF3C1-05E5-452E-A506-D4812A807D2B}.Release|Any CPU.ActiveCfg = Release|Any CPU
		{E4FAF3C1-05E5-452E-A506-D4812A807D2B}.Release|Any CPU.Build.0 = Release|Any CPU
		{057709EA-DD36-49B6-943B-8C6A20EF9145}.Debug|Any CPU.ActiveCfg = Debug|Any CPU
		{057709EA-DD36-49B6-943B-8C6A20EF9145}.Debug|Any CPU.Build.0 = Debug|Any CPU
		{057709EA-DD36-49B6-943B-8C6A20EF9145}.Release|Any CPU.ActiveCfg = Release|Any CPU
		{057709EA-DD36-49B6-943B-8C6A20EF9145}.Release|Any CPU.Build.0 = Release|Any CPU
		{99BF46BA-D18C-43BB-9970-5428C5715A4F}.Debug|Any CPU.ActiveCfg = Debug|Any CPU
		{99BF46BA-D18C-43BB-9970-5428C5715A4F}.Debug|Any CPU.Build.0 = Debug|Any CPU
		{99BF46BA-D18C-43BB-9970-5428C5715A4F}.Release|Any CPU.ActiveCfg = Release|Any CPU
		{99BF46BA-D18C-43BB-9970-5428C5715A4F}.Release|Any CPU.Build.0 = Release|Any CPU
		{053D8C01-C944-4A71-B296-CAAB317291A3}.Debug|Any CPU.ActiveCfg = Debug|Any CPU
		{053D8C01-C944-4A71-B296-CAAB317291A3}.Debug|Any CPU.Build.0 = Debug|Any CPU
		{053D8C01-C944-4A71-B296-CAAB317291A3}.Release|Any CPU.ActiveCfg = Release|Any CPU
		{053D8C01-C944-4A71-B296-CAAB317291A3}.Release|Any CPU.Build.0 = Release|Any CPU
		{6382F808-B7BC-4A30-8EA4-402E98B6FD26}.Debug|Any CPU.ActiveCfg = Debug|Any CPU
		{6382F808-B7BC-4A30-8EA4-402E98B6FD26}.Debug|Any CPU.Build.0 = Debug|Any CPU
		{6382F808-B7BC-4A30-8EA4-402E98B6FD26}.Release|Any CPU.ActiveCfg = Release|Any CPU
		{6382F808-B7BC-4A30-8EA4-402E98B6FD26}.Release|Any CPU.Build.0 = Release|Any CPU
		{6D35F20E-40AC-426D-B0B7-08C5A528EB45}.Debug|Any CPU.ActiveCfg = Debug|Any CPU
		{6D35F20E-40AC-426D-B0B7-08C5A528EB45}.Debug|Any CPU.Build.0 = Debug|Any CPU
		{6D35F20E-40AC-426D-B0B7-08C5A528EB45}.Release|Any CPU.ActiveCfg = Release|Any CPU
		{6D35F20E-40AC-426D-B0B7-08C5A528EB45}.Release|Any CPU.Build.0 = Release|Any CPU
		{17D03CED-CCD9-4982-9189-479C5A00861E}.Debug|Any CPU.ActiveCfg = Debug|Any CPU
		{17D03CED-CCD9-4982-9189-479C5A00861E}.Debug|Any CPU.Build.0 = Debug|Any CPU
		{17D03CED-CCD9-4982-9189-479C5A00861E}.Release|Any CPU.ActiveCfg = Release|Any CPU
		{17D03CED-CCD9-4982-9189-479C5A00861E}.Release|Any CPU.Build.0 = Release|Any CPU
	EndGlobalSection
	GlobalSection(NestedProjects) = preSolution
		{4CEB0E0B-FD6C-407A-886D-9532217EA365} = {266328CC-2546-47C6-A82D-83F7CAE3C675}
		{BAF0BBE0-5379-4CBF-9023-08D8F226E7EF} = {4EC19503-98C5-4D19-9614-EA6FC9BA4801}
		{371C0D89-E58D-40BE-95F0-B58E716A44B9} = {BAF0BBE0-5379-4CBF-9023-08D8F226E7EF}
		{767B9E3A-3D06-4C2B-BC0F-2E1AD8F8ACC6} = {BAF0BBE0-5379-4CBF-9023-08D8F226E7EF}
		{A61933B4-F2C6-449B-AEA1-DFBB13C4F9F1} = {4EC19503-98C5-4D19-9614-EA6FC9BA4801}
		{DB38A367-F438-4D05-88ED-1DDC53945A47} = {A61933B4-F2C6-449B-AEA1-DFBB13C4F9F1}
		{6597B042-BAAA-4214-A9B5-7FDFCDC81BAB} = {4EC19503-98C5-4D19-9614-EA6FC9BA4801}
		{7B23286E-0CC9-44EE-901D-05891903D000} = {6597B042-BAAA-4214-A9B5-7FDFCDC81BAB}
		{382B07B7-A2BB-40DB-A9EA-58F523871BF4} = {F605602F-9F4B-4AF5-BCD2-D78FD5655874}
		{5253A1DA-73DE-4F6A-A87C-6090E33CE474} = {F605602F-9F4B-4AF5-BCD2-D78FD5655874}
		{8FAA4A6B-F478-4F31-B74D-874CDBE4E3F0} = {F605602F-9F4B-4AF5-BCD2-D78FD5655874}
		{A6464BDB-1127-41DB-B8D8-D3D6AA4579AC} = {382B07B7-A2BB-40DB-A9EA-58F523871BF4}
		{14382505-72A9-4535-99B8-D5AA70AA0B8E} = {382B07B7-A2BB-40DB-A9EA-58F523871BF4}
		{E4FAF3C1-05E5-452E-A506-D4812A807D2B} = {5253A1DA-73DE-4F6A-A87C-6090E33CE474}
		{057709EA-DD36-49B6-943B-8C6A20EF9145} = {8FAA4A6B-F478-4F31-B74D-874CDBE4E3F0}
		{CB3549CC-8B5F-494C-90A5-1E0A364709EA} = {0FA32DDD-EE6E-47F1-8C91-52E6E6704726}
		{3A4E18D8-1737-4B18-B2A9-FC20E71C23C0} = {0FA32DDD-EE6E-47F1-8C91-52E6E6704726}
		{DFCECBE7-9FEA-43E3-8E9C-50EF6D27F638} = {0FA32DDD-EE6E-47F1-8C91-52E6E6704726}
		{99BF46BA-D18C-43BB-9970-5428C5715A4F} = {CB3549CC-8B5F-494C-90A5-1E0A364709EA}
		{053D8C01-C944-4A71-B296-CAAB317291A3} = {CB3549CC-8B5F-494C-90A5-1E0A364709EA}
		{6382F808-B7BC-4A30-8EA4-402E98B6FD26} = {3A4E18D8-1737-4B18-B2A9-FC20E71C23C0}
		{6D35F20E-40AC-426D-B0B7-08C5A528EB45} = {DFCECBE7-9FEA-43E3-8E9C-50EF6D27F638}
		{C424BA72-555E-404B-BF62-29691A0D66E1} = {FC315CC1-71CA-45D8-91AF-30EAD2B47580}
		{17D03CED-CCD9-4982-9189-479C5A00861E} = {C424BA72-555E-404B-BF62-29691A0D66E1}
	EndGlobalSection
EndGlobal
